
Microsoft Visual Studio Solution File, Format Version 12.00
# Visual Studio 15
VisualStudioVersion = 15.0.26403.7
MinimumVisualStudioVersion = 10.0.40219.1
Project("{FAE04EC0-301F-11D3-BF4B-00C04F79EFBC}") = "IdeaMarket", "IdeaMarket\IdeaMarket.csproj", "{0D80011F-1B39-4F5B-9A41-4D4EEA21E1CF}"
EndProject
Project("{FAE04EC0-301F-11D3-BF4B-00C04F79EFBC}") = "DbModels", "DbModels\DbModels.csproj", "{B4A224DD-08A4-4FB4-9CC8-A9F2132AA8FE}"
EndProject
Global
	GlobalSection(SolutionConfigurationPlatforms) = preSolution
		Debug|Any CPU = Debug|Any CPU
		Release|Any CPU = Release|Any CPU
	EndGlobalSection
	GlobalSection(ProjectConfigurationPlatforms) = postSolution
		{0D80011F-1B39-4F5B-9A41-4D4EEA21E1CF}.Debug|Any CPU.ActiveCfg = Debug|Any CPU
		{0D80011F-1B39-4F5B-9A41-4D4EEA21E1CF}.Debug|Any CPU.Build.0 = Debug|Any CPU
		{0D80011F-1B39-4F5B-9A41-4D4EEA21E1CF}.Release|Any CPU.ActiveCfg = Release|Any CPU
		{0D80011F-1B39-4F5B-9A41-4D4EEA21E1CF}.Release|Any CPU.Build.0 = Release|Any CPU
		{B4A224DD-08A4-4FB4-9CC8-A9F2132AA8FE}.Debug|Any CPU.ActiveCfg = Debug|Any CPU
		{B4A224DD-08A4-4FB4-9CC8-A9F2132AA8FE}.Debug|Any CPU.Build.0 = Debug|Any CPU
		{B4A224DD-08A4-4FB4-9CC8-A9F2132AA8FE}.Release|Any CPU.ActiveCfg = Release|Any CPU
		{B4A224DD-08A4-4FB4-9CC8-A9F2132AA8FE}.Release|Any CPU.Build.0 = Release|Any CPU
	EndGlobalSection
	GlobalSection(SolutionProperties) = preSolution
		HideSolutionNode = FALSE
	EndGlobalSection
EndGlobal
